
Microsoft Visual Studio Solution File, Format Version 12.00
# Visual Studio 15
VisualStudioVersion = 15.0.27130.2010
MinimumVisualStudioVersion = 10.0.40219.1
Project("{FAE04EC0-301F-11D3-BF4B-00C04F79EFBC}") = "FilePickerTest", "NoNonsense-FilePicker-Binding-Xamarin\FilePickerTest.csproj", "{D4E204FB-DB68-4117-83D4-360EE70A22F2}"
EndProject
Project("{FAE04EC0-301F-11D3-BF4B-00C04F79EFBC}") = "Binding_NoNonsenseFilepicker", "NoNonsense-FilePicker-Binding-Xamarin\AndroidBindings\Binding_NoNonsenseFilepicker\Binding_NoNonsenseFilepicker.csproj", "{77CE19C8-D5C6-4B99-8A56-71265FE5B964}"
EndProject
Global
	GlobalSection(SolutionConfigurationPlatforms) = preSolution
		Debug|Any CPU = Debug|Any CPU
		Release|Any CPU = Release|Any CPU
	EndGlobalSection
	GlobalSection(ProjectConfigurationPlatforms) = postSolution
		{D4E204FB-DB68-4117-83D4-360EE70A22F2}.Debug|Any CPU.ActiveCfg = Debug|Any CPU
		{D4E204FB-DB68-4117-83D4-360EE70A22F2}.Debug|Any CPU.Build.0 = Debug|Any CPU
		{D4E204FB-DB68-4117-83D4-360EE70A22F2}.Debug|Any CPU.Deploy.0 = Debug|Any CPU
		{D4E204FB-DB68-4117-83D4-360EE70A22F2}.Release|Any CPU.ActiveCfg = Release|Any CPU
		{D4E204FB-DB68-4117-83D4-360EE70A22F2}.Release|Any CPU.Build.0 = Release|Any CPU
		{D4E204FB-DB68-4117-83D4-360EE70A22F2}.Release|Any CPU.Deploy.0 = Release|Any CPU
		{77CE19C8-D5C6-4B99-8A56-71265FE5B964}.Debug|Any CPU.ActiveCfg = Debug|Any CPU
		{77CE19C8-D5C6-4B99-8A56-71265FE5B964}.Debug|Any CPU.Build.0 = Debug|Any CPU
		{77CE19C8-D5C6-4B99-8A56-71265FE5B964}.Release|Any CPU.ActiveCfg = Release|Any CPU
		{77CE19C8-D5C6-4B99-8A56-71265FE5B964}.Release|Any CPU.Build.0 = Release|Any CPU
	EndGlobalSection
	GlobalSection(SolutionProperties) = preSolution
		HideSolutionNode = FALSE
	EndGlobalSection
	GlobalSection(ExtensibilityGlobals) = postSolution
		SolutionGuid = {4617E143-6D7D-41BA-A003-3DFCE0EF0D25}
	EndGlobalSection
EndGlobal
